
Microsoft Visual Studio Solution File, Format Version 12.00
# Visual Studio Version 17
VisualStudioVersion = 17.9.34622.214
MinimumVisualStudioVersion = 10.0.40219.1
Project("{2150E333-8FDC-42A3-9474-1A3956D46DE8}") = "src", "src", "{C6338F0D-1B35-488B-ACA1-E4D8DD0D51D5}"
EndProject
Project("{2150E333-8FDC-42A3-9474-1A3956D46DE8}") = "API", "API", "{0ED4BD85-6395-48E1-BBA6-02C6398E126F}"
EndProject
Project("{2150E333-8FDC-42A3-9474-1A3956D46DE8}") = "Core", "Core", "{47F2F60D-D7AF-4553-B575-60C54449EFE5}"
EndProject
Project("{2150E333-8FDC-42A3-9474-1A3956D46DE8}") = "Infrastructure", "Infrastructure", "{B6915C6C-9E84-4DA0-ACCD-29DD724D0252}"
EndProject
Project("{2150E333-8FDC-42A3-9474-1A3956D46DE8}") = "UI", "UI", "{A37762E3-2B58-4BF7-AA1F-9EADABAF8D8F}"
EndProject
Project("{2150E333-8FDC-42A3-9474-1A3956D46DE8}") = "Shared", "Shared", "{444A3B0B-70FB-4A1F-A7D5-7CB5E91E81ED}"
EndProject
Project("{FAE04EC0-301F-11D3-BF4B-00C04F79EFBC}") = "Cars.Shared", "Cars.Shared\Cars.Shared.csproj", "{6944D32B-7DEE-4B16-8A5F-839400BCA050}"
EndProject
Project("{FAE04EC0-301F-11D3-BF4B-00C04F79EFBC}") = "Cars.Domain", "Cars.Domain\Cars.Domain.csproj", "{2BDE15AD-8BBE-4CFB-84AB-5D61BEB47461}"
EndProject
Project("{FAE04EC0-301F-11D3-BF4B-00C04F79EFBC}") = "Cars.Application", "Cars.Application\Cars.Application.csproj", "{4E0D8F19-A8F5-4172-9ED1-6BDB069DE64B}"
EndProject
Global
	GlobalSection(SolutionConfigurationPlatforms) = preSolution
		Debug|Any CPU = Debug|Any CPU
		Release|Any CPU = Release|Any CPU
	EndGlobalSection
	GlobalSection(ProjectConfigurationPlatforms) = postSolution
		{6944D32B-7DEE-4B16-8A5F-839400BCA050}.Debug|Any CPU.ActiveCfg = Debug|Any CPU
		{6944D32B-7DEE-4B16-8A5F-839400BCA050}.Debug|Any CPU.Build.0 = Debug|Any CPU
		{6944D32B-7DEE-4B16-8A5F-839400BCA050}.Release|Any CPU.ActiveCfg = Release|Any CPU
		{6944D32B-7DEE-4B16-8A5F-839400BCA050}.Release|Any CPU.Build.0 = Release|Any CPU
		{2BDE15AD-8BBE-4CFB-84AB-5D61BEB47461}.Debug|Any CPU.ActiveCfg = Debug|Any CPU
		{2BDE15AD-8BBE-4CFB-84AB-5D61BEB47461}.Debug|Any CPU.Build.0 = Debug|Any CPU
		{2BDE15AD-8BBE-4CFB-84AB-5D61BEB47461}.Release|Any CPU.ActiveCfg = Release|Any CPU
		{2BDE15AD-8BBE-4CFB-84AB-5D61BEB47461}.Release|Any CPU.Build.0 = Release|Any CPU
		{4E0D8F19-A8F5-4172-9ED1-6BDB069DE64B}.Debug|Any CPU.ActiveCfg = Debug|Any CPU
		{4E0D8F19-A8F5-4172-9ED1-6BDB069DE64B}.Debug|Any CPU.Build.0 = Debug|Any CPU
		{4E0D8F19-A8F5-4172-9ED1-6BDB069DE64B}.Release|Any CPU.ActiveCfg = Release|Any CPU
		{4E0D8F19-A8F5-4172-9ED1-6BDB069DE64B}.Release|Any CPU.Build.0 = Release|Any CPU
	EndGlobalSection
	GlobalSection(SolutionProperties) = preSolution
		HideSolutionNode = FALSE
	EndGlobalSection
	GlobalSection(NestedProjects) = preSolution
		{0ED4BD85-6395-48E1-BBA6-02C6398E126F} = {C6338F0D-1B35-488B-ACA1-E4D8DD0D51D5}
		{47F2F60D-D7AF-4553-B575-60C54449EFE5} = {C6338F0D-1B35-488B-ACA1-E4D8DD0D51D5}
		{B6915C6C-9E84-4DA0-ACCD-29DD724D0252} = {C6338F0D-1B35-488B-ACA1-E4D8DD0D51D5}
		{A37762E3-2B58-4BF7-AA1F-9EADABAF8D8F} = {C6338F0D-1B35-488B-ACA1-E4D8DD0D51D5}
		{444A3B0B-70FB-4A1F-A7D5-7CB5E91E81ED} = {C6338F0D-1B35-488B-ACA1-E4D8DD0D51D5}
		{6944D32B-7DEE-4B16-8A5F-839400BCA050} = {444A3B0B-70FB-4A1F-A7D5-7CB5E91E81ED}
		{2BDE15AD-8BBE-4CFB-84AB-5D61BEB47461} = {47F2F60D-D7AF-4553-B575-60C54449EFE5}
		{4E0D8F19-A8F5-4172-9ED1-6BDB069DE64B} = {47F2F60D-D7AF-4553-B575-60C54449EFE5}
	EndGlobalSection
	GlobalSection(ExtensibilityGlobals) = postSolution
		SolutionGuid = {1003E4AF-BB51-480D-AD91-3B7C0DDBBC7A}
	EndGlobalSection
EndGlobal
